// !$*UTF8*$!
{
	archiveVersion = 1;
	classes = {
	};
	objectVersion = 46;
	objects = {

/* Begin PBXBuildFile section */
		047BD3F81A7CB9DB0002AD09 /* main.m in Sources */ = {isa = PBXBuildFile; fileRef = 047BD3F71A7CB9DB0002AD09 /* main.m */; };
		047BD3FB1A7CB9DB0002AD09 /* AppDelegate.m in Sources */ = {isa = PBXBuildFile; fileRef = 047BD3FA1A7CB9DB0002AD09 /* AppDelegate.m */; };
		047BD4031A7CB9DB0002AD09 /* Images.xcassets in Resources */ = {isa = PBXBuildFile; fileRef = 047BD4021A7CB9DB0002AD09 /* Images.xcassets */; };
		047BD4061A7CB9DB0002AD09 /* LaunchScreen.xib in Resources */ = {isa = PBXBuildFile; fileRef = 047BD4041A7CB9DB0002AD09 /* LaunchScreen.xib */; };
		047BD4121A7CB9DB0002AD09 /* blockTests.m in Sources */ = {isa = PBXBuildFile; fileRef = 047BD4111A7CB9DB0002AD09 /* blockTests.m */; };
		047BD41E1A7CBA450002AD09 /* BlockViewController.m in Sources */ = {isa = PBXBuildFile; fileRef = 047BD41C1A7CBA450002AD09 /* BlockViewController.m */; };
		047BD41F1A7CBA450002AD09 /* BlockViewController.xib in Resources */ = {isa = PBXBuildFile; fileRef = 047BD41D1A7CBA450002AD09 /* BlockViewController.xib */; };
		047BD4231A7CC40D0002AD09 /* BlockDemoViewController.m in Sources */ = {isa = PBXBuildFile; fileRef = 047BD4211A7CC40D0002AD09 /* BlockDemoViewController.m */; };
		047BD4241A7CC40D0002AD09 /* BlockDemoViewController.xib in Resources */ = {isa = PBXBuildFile; fileRef = 047BD4221A7CC40D0002AD09 /* BlockDemoViewController.xib */; };
		047BD4291A7CC8E50002AD09 /* ShowColor.m in Sources */ = {isa = PBXBuildFile; fileRef = 047BD4281A7CC8E50002AD09 /* ShowColor.m */; };
		047BD42B1A7CC9F90002AD09 /* UIKit.framework in Frameworks */ = {isa = PBXBuildFile; fileRef = 047BD42A1A7CC9F90002AD09 /* UIKit.framework */; };
/* End PBXBuildFile section */

/* Begin PBXContainerItemProxy section */
		047BD40C1A7CB9DB0002AD09 /* PBXContainerItemProxy */ = {
			isa = PBXContainerItemProxy;
			containerPortal = 047BD3EA1A7CB9DA0002AD09 /* Project object */;
			proxyType = 1;
			remoteGlobalIDString = 047BD3F11A7CB9DA0002AD09;
			remoteInfo = block;
		};
/* End PBXContainerItemProxy section */

/* Begin PBXFileReference section */
		047BD3F21A7CB9DB0002AD09 /* block.app */ = {isa = PBXFileReference; explicitFileType = wrapper.application; includeInIndex = 0; path = block.app; sourceTree = BUILT_PRODUCTS_DIR; };
		047BD3F61A7CB9DB0002AD09 /* Info.plist */ = {isa = PBXFileReference; lastKnownFileType = text.plist.xml; path = Info.plist; sourceTree = "<group>"; };
		047BD3F71A7CB9DB0002AD09 /* main.m */ = {isa = PBXFileReference; lastKnownFileType = sourcecode.c.objc; path = main.m; sourceTree = "<group>"; };
		047BD3F91A7CB9DB0002AD09 /* AppDelegate.h */ = {isa = PBXFileReference; lastKnownFileType = sourcecode.c.h; path = AppDelegate.h; sourceTree = "<group>"; };
		047BD3FA1A7CB9DB0002AD09 /* AppDelegate.m */ = {isa = PBXFileReference; lastKnownFileType = sourcecode.c.objc; path = AppDelegate.m; sourceTree = "<group>"; };
		047BD4021A7CB9DB0002AD09 /* Images.xcassets */ = {isa = PBXFileReference; lastKnownFileType = folder.assetcatalog; path = Images.xcassets; sourceTree = "<group>"; };
		047BD4051A7CB9DB0002AD09 /* Base */ = {isa = PBXFileReference; lastKnownFileType = file.xib; name = Base; path = Base.lproj/LaunchScreen.xib; sourceTree = "<group>"; };
		047BD40B1A7CB9DB0002AD09 /* blockTests.xctest */ = {isa = PBXFileReference; explicitFileType = wrapper.cfbundle; includeInIndex = 0; path = blockTests.xctest; sourceTree = BUILT_PRODUCTS_DIR; };
		047BD4101A7CB9DB0002AD09 /* Info.plist */ = {isa = PBXFileReference; lastKnownFileType = text.plist.xml; path = Info.plist; sourceTree = "<group>"; };
		047BD4111A7CB9DB0002AD09 /* blockTests.m */ = {isa = PBXFileReference; lastKnownFileType = sourcecode.c.objc; path = blockTests.m; sourceTree = "<group>"; };
		047BD41B1A7CBA450002AD09 /* BlockViewController.h */ = {isa = PBXFileReference; fileEncoding = 4; lastKnownFileType = sourcecode.c.h; path = BlockViewController.h; sourceTree = "<group>"; };
		047BD41C1A7CBA450002AD09 /* BlockViewController.m */ = {isa = PBXFileReference; fileEncoding = 4; lastKnownFileType = sourcecode.c.objc; path = BlockViewController.m; sourceTree = "<group>"; };
		047BD41D1A7CBA450002AD09 /* BlockViewController.xib */ = {isa = PBXFileReference; fileEncoding = 4; lastKnownFileType = file.xib; path = BlockViewController.xib; sourceTree = "<group>"; };
		047BD4201A7CC40C0002AD09 /* BlockDemoViewController.h */ = {isa = PBXFileReference; fileEncoding = 4; lastKnownFileType = sourcecode.c.h; path = BlockDemoViewController.h; sourceTree = "<group>"; };
		047BD4211A7CC40D0002AD09 /* BlockDemoViewController.m */ = {isa = PBXFileReference; fileEncoding = 4; lastKnownFileType = sourcecode.c.objc; path = BlockDemoViewController.m; sourceTree = "<group>"; };
		047BD4221A7CC40D0002AD09 /* BlockDemoViewController.xib */ = {isa = PBXFileReference; fileEncoding = 4; lastKnownFileType = file.xib; path = BlockDemoViewController.xib; sourceTree = "<group>"; };
		047BD4271A7CC8E50002AD09 /* ShowColor.h */ = {isa = PBXFileReference; fileEncoding = 4; lastKnownFileType = sourcecode.c.h; path = ShowColor.h; sourceTree = "<group>"; };
		047BD4281A7CC8E50002AD09 /* ShowColor.m */ = {isa = PBXFileReference; fileEncoding = 4; lastKnownFileType = sourcecode.c.objc; path = ShowColor.m; sourceTree = "<group>"; };
		047BD42A1A7CC9F90002AD09 /* UIKit.framework */ = {isa = PBXFileReference; lastKnownFileType = wrapper.framework; name = UIKit.framework; path = System/Library/Frameworks/UIKit.framework; sourceTree = SDKROOT; };
/* End PBXFileReference section */

/* Begin PBXFrameworksBuildPhase section */
		047BD3EF1A7CB9DA0002AD09 /* Frameworks */ = {
			isa = PBXFrameworksBuildPhase;
			buildActionMask = 2147483647;
			files = (
				047BD42B1A7CC9F90002AD09 /* UIKit.framework in Frameworks */,
			);
			runOnlyForDeploymentPostprocessing = 0;
		};
		047BD4081A7CB9DB0002AD09 /* Frameworks */ = {
			isa = PBXFrameworksBuildPhase;
			buildActionMask = 2147483647;
			files = (
			);
			runOnlyForDeploymentPostprocessing = 0;
		};
/* End PBXFrameworksBuildPhase section */

/* Begin PBXGroup section */
		047BD3E91A7CB9DA0002AD09 = {
			isa = PBXGroup;
			children = (
				047BD42A1A7CC9F90002AD09 /* UIKit.framework */,
				047BD3F41A7CB9DB0002AD09 /* block */,
				047BD40E1A7CB9DB0002AD09 /* blockTests */,
				047BD3F31A7CB9DB0002AD09 /* Products */,
			);
			sourceTree = "<group>";
		};
		047BD3F31A7CB9DB0002AD09 /* Products */ = {
			isa = PBXGroup;
			children = (
				047BD3F21A7CB9DB0002AD09 /* block.app */,
				047BD40B1A7CB9DB0002AD09 /* blockTests.xctest */,
			);
			name = Products;
			sourceTree = "<group>";
		};
		047BD3F41A7CB9DB0002AD09 /* block */ = {
			isa = PBXGroup;
			children = (
				047BD3F91A7CB9DB0002AD09 /* AppDelegate.h */,
				047BD3FA1A7CB9DB0002AD09 /* AppDelegate.m */,
				047BD4251A7CC4610002AD09 /* lijie */,
				047BD4261A7CC47D0002AD09 /* demo */,
				047BD4021A7CB9DB0002AD09 /* Images.xcassets */,
				047BD4041A7CB9DB0002AD09 /* LaunchScreen.xib */,
				047BD3F51A7CB9DB0002AD09 /* Supporting Files */,
			);
			path = block;
			sourceTree = "<group>";
		};
		047BD3F51A7CB9DB0002AD09 /* Supporting Files */ = {
			isa = PBXGroup;
			children = (
				047BD3F61A7CB9DB0002AD09 /* Info.plist */,
				047BD3F71A7CB9DB0002AD09 /* main.m */,
			);
			name = "Supporting Files";
			sourceTree = "<group>";
		};
		047BD40E1A7CB9DB0002AD09 /* blockTests */ = {
			isa = PBXGroup;
			children = (
				047BD4111A7CB9DB0002AD09 /* blockTests.m */,
				047BD40F1A7CB9DB0002AD09 /* Supporting Files */,
			);
			path = blockTests;
			sourceTree = "<group>";
		};
		047BD40F1A7CB9DB0002AD09 /* Supporting Files */ = {
			isa = PBXGroup;
			children = (
				047BD4101A7CB9DB0002AD09 /* Info.plist */,
			);
			name = "Supporting Files";
			sourceTree = "<group>";
		};
		047BD4251A7CC4610002AD09 /* lijie */ = {
			isa = PBXGroup;
			children = (
				047BD41B1A7CBA450002AD09 /* BlockViewController.h */,
				047BD41C1A7CBA450002AD09 /* BlockViewController.m */,
				047BD41D1A7CBA450002AD09 /* BlockViewController.xib */,
			);
			name = lijie;
			sourceTree = "<group>";
		};
		047BD4261A7CC47D0002AD09 /* demo */ = {
			isa = PBXGroup;
			children = (
				047BD4201A7CC40C0002AD09 /* BlockDemoViewController.h */,
				047BD4211A7CC40D0002AD09 /* BlockDemoViewController.m */,
				047BD4221A7CC40D0002AD09 /* BlockDemoViewController.xib */,
				047BD4271A7CC8E50002AD09 /* ShowColor.h */,
				047BD4281A7CC8E50002AD09 /* ShowColor.m */,
			);
			name = demo;
			sourceTree = "<group>";
		};
/* End PBXGroup section */

/* Begin PBXNativeTarget section */
		047BD3F11A7CB9DA0002AD09 /* block */ = {
			isa = PBXNativeTarget;
			buildConfigurationList = 047BD4151A7CB9DB0002AD09 /* Build configuration list for PBXNativeTarget "block" */;
			buildPhases = (
				047BD3EE1A7CB9DA0002AD09 /* Sources */,
				047BD3EF1A7CB9DA0002AD09 /* Frameworks */,
				047BD3F01A7CB9DA0002AD09 /* Resources */,
			);
			buildRules = (
			);
			dependencies = (
			);
			name = block;
			productName = block;
			productReference = 047BD3F21A7CB9DB0002AD09 /* block.app */;
			productType = "com.apple.product-type.application";
		};
		047BD40A1A7CB9DB0002AD09 /* blockTests */ = {
			isa = PBXNativeTarget;
			buildConfigurationList = 047BD4181A7CB9DB0002AD09 /* Build configuration list for PBXNativeTarget "blockTests" */;
			buildPhases = (
				047BD4071A7CB9DB0002AD09 /* Sources */,
				047BD4081A7CB9DB0002AD09 /* Frameworks */,
				047BD4091A7CB9DB0002AD09 /* Resources */,
			);
			buildRules = (
			);
			dependencies = (
				047BD40D1A7CB9DB0002AD09 /* PBXTargetDependency */,
			);
			name = blockTests;
			productName = blockTests;
			productReference = 047BD40B1A7CB9DB0002AD09 /* blockTests.xctest */;
			productType = "com.apple.product-type.bundle.unit-test";
		};
/* End PBXNativeTarget section */

/* Begin PBXProject section */
		047BD3EA1A7CB9DA0002AD09 /* Project object */ = {
			isa = PBXProject;
			attributes = {
				LastUpgradeCheck = 0610;
				ORGANIZATIONNAME = "武汉亦鸟科技有限公司";
				TargetAttributes = {
					047BD3F11A7CB9DA0002AD09 = {
						CreatedOnToolsVersion = 6.1;
					};
					047BD40A1A7CB9DB0002AD09 = {
						CreatedOnToolsVersion = 6.1;
						TestTargetID = 047BD3F11A7CB9DA0002AD09;
					};
				};
			};
			buildConfigurationList = 047BD3ED1A7CB9DA0002AD09 /* Build configuration list for PBXProject "block" */;
			compatibilityVersion = "Xcode 3.2";
			developmentRegion = English;
			hasScannedForEncodings = 0;
			knownRegions = (
				en,
				Base,
			);
			mainGroup = 047BD3E91A7CB9DA0002AD09;
			productRefGroup = 047BD3F31A7CB9DB0002AD09 /* Products */;
			projectDirPath = "";
			projectRoot = "";
			targets = (
				047BD3F11A7CB9DA0002AD09 /* block */,
				047BD40A1A7CB9DB0002AD09 /* blockTests */,
			);
		};
/* End PBXProject section */

/* Begin PBXResourcesBuildPhase section */
		047BD3F01A7CB9DA0002AD09 /* Resources */ = {
			isa = PBXResourcesBuildPhase;
			buildActionMask = 2147483647;
			files = (
				047BD4061A7CB9DB0002AD09 /* LaunchScreen.xib in Resources */,
				047BD4031A7CB9DB0002AD09 /* Images.xcassets in Resources */,
				047BD41F1A7CBA450002AD09 /* BlockViewController.xib in Resources */,
				047BD4241A7CC40D0002AD09 /* BlockDemoViewController.xib in Resources */,
			);
			runOnlyForDeploymentPostprocessing = 0;
		};
		047BD4091A7CB9DB0002AD09 /* Resources */ = {
			isa = PBXResourcesBuildPhase;
			buildActionMask = 2147483647;
			files = (
			);
			runOnlyForDeploymentPostprocessing = 0;
		};
/* End PBXResourcesBuildPhase section */

/* Begin PBXSourcesBuildPhase section */
		047BD3EE1A7CB9DA0002AD09 /* Sources */ = {
			isa = PBXSourcesBuildPhase;
			buildActionMask = 2147483647;
			files = (
				047BD41E1A7CBA450002AD09 /* BlockViewController.m in Sources */,
				047BD3FB1A7CB9DB0002AD09 /* AppDelegate.m in Sources */,
				047BD3F81A7CB9DB0002AD09 /* main.m in Sources */,
				047BD4291A7CC8E50002AD09 /* ShowColor.m in Sources */,
				047BD4231A7CC40D0002AD09 /* BlockDemoViewController.m in Sources */,
			);
			runOnlyForDeploymentPostprocessing = 0;
		};
		047BD4071A7CB9DB0002AD09 /* Sources */ = {
			isa = PBXSourcesBuildPhase;
			buildActionMask = 2147483647;
			files = (
				047BD4121A7CB9DB0002AD09 /* blockTests.m in Sources */,
			);
			runOnlyForDeploymentPostprocessing = 0;
		};
/* End PBXSourcesBuildPhase section */

/* Begin PBXTargetDependency section */
		047BD40D1A7CB9DB0002AD09 /* PBXTargetDependency */ = {
			isa = PBXTargetDependency;
			target = 047BD3F11A7CB9DA0002AD09 /* block */;
			targetProxy = 047BD40C1A7CB9DB0002AD09 /* PBXContainerItemProxy */;
		};
/* End PBXTargetDependency section */

/* Begin PBXVariantGroup section */
		047BD4041A7CB9DB0002AD09 /* LaunchScreen.xib */ = {
			isa = PBXVariantGroup;
			children = (
				047BD4051A7CB9DB0002AD09 /* Base */,
			);
			name = LaunchScreen.xib;
			sourceTree = "<group>";
		};
/* End PBXVariantGroup section */

/* Begin XCBuildConfiguration section */
		047BD4131A7CB9DB0002AD09 /* Debug */ = {
			isa = XCBuildConfiguration;
			buildSettings = {
				ALWAYS_SEARCH_USER_PATHS = NO;
				CLANG_CXX_LANGUAGE_STANDARD = "gnu++0x";
				CLANG_CXX_LIBRARY = "libc++";
				CLANG_ENABLE_MODULES = YES;
				CLANG_ENABLE_OBJC_ARC = YES;
				CLANG_WARN_BOOL_CONVERSION = YES;
				CLANG_WARN_CONSTANT_CONVERSION = YES;
				CLANG_WARN_DIRECT_OBJC_ISA_USAGE = YES_ERROR;
				CLANG_WARN_EMPTY_BODY = YES;
				CLANG_WARN_ENUM_CONVERSION = YES;
				CLANG_WARN_INT_CONVERSION = YES;
				CLANG_WARN_OBJC_ROOT_CLASS = YES_ERROR;
				CLANG_WARN_UNREACHABLE_CODE = YES;
				CLANG_WARN__DUPLICATE_METHOD_MATCH = YES;
				"CODE_SIGN_IDENTITY[sdk=iphoneos*]" = "iPhone Developer";
				COPY_PHASE_STRIP = NO;
				ENABLE_STRICT_OBJC_MSGSEND = YES;
				GCC_C_LANGUAGE_STANDARD = gnu99;
				GCC_DYNAMIC_NO_PIC = NO;
				GCC_OPTIMIZATION_LEVEL = 0;
				GCC_PREPROCESSOR_DEFINITIONS = (
					"DEBUG=1",
					"$(inherited)",
				);
				GCC_SYMBOLS_PRIVATE_EXTERN = NO;
				GCC_WARN_64_TO_32_BIT_CONVERSION = YES;
				GCC_WARN_ABOUT_RETURN_TYPE = YES_ERROR;
				GCC_WARN_UNDECLARED_SELECTOR = YES;
				GCC_WARN_UNINITIALIZED_AUTOS = YES_AGGRESSIVE;
				GCC_WARN_UNUSED_FUNCTION = YES;
				GCC_WARN_UNUSED_VARIABLE = YES;
				IPHONEOS_DEPLOYMENT_TARGET = 8.1;
				MTL_ENABLE_DEBUG_INFO = YES;
				ONLY_ACTIVE_ARCH = YES;
				SDKROOT = iphoneos;
			};
			name = Debug;
		};
		047BD4141A7CB9DB0002AD09 /* Release */ = {
			isa = XCBuildConfiguration;
			buildSettings = {
				ALWAYS_SEARCH_USER_PATHS = NO;
				CLANG_CXX_LANGUAGE_STANDARD = "gnu++0x";
				CLANG_CXX_LIBRARY = "libc++";
				CLANG_ENABLE_MODULES = YES;
				CLANG_ENABLE_OBJC_ARC = YES;
				CLANG_WARN_BOOL_CONVERSION = YES;
				CLANG_WARN_CONSTANT_CONVERSION = YES;
				CLANG_WARN_DIRECT_OBJC_ISA_USAGE = YES_ERROR;
				CLANG_WARN_EMPTY_BODY = YES;
				CLANG_WARN_ENUM_CONVERSION = YES;
				CLANG_WARN_INT_CONVERSION = YES;
				CLANG_WARN_OBJC_ROOT_CLASS = YES_ERROR;
				CLANG_WARN_UNREACHABLE_CODE = YES;
				CLANG_WARN__DUPLICATE_METHOD_MATCH = YES;
				"CODE_SIGN_IDENTITY[sdk=iphoneos*]" = "iPhone Developer";
				COPY_PHASE_STRIP = YES;
				ENABLE_NS_ASSERTIONS = NO;
				ENABLE_STRICT_OBJC_MSGSEND = YES;
				GCC_C_LANGUAGE_STANDARD = gnu99;
				GCC_WARN_64_TO_32_BIT_CONVERSION = YES;
				GCC_WARN_ABOUT_RETURN_TYPE = YES_ERROR;
				GCC_WARN_UNDECLARED_SELECTOR = YES;
				GCC_WARN_UNINITIALIZED_AUTOS = YES_AGGRESSIVE;
				GCC_WARN_UNUSED_FUNCTION = YES;
				GCC_WARN_UNUSED_VARIABLE = YES;
				IPHONEOS_DEPLOYMENT_TARGET = 8.1;
				MTL_ENABLE_DEBUG_INFO = NO;
				SDKROOT = iphoneos;
				VALIDATE_PRODUCT = YES;
			};
			name = Release;
		};
		047BD4161A7CB9DB0002AD09 /* Debug */ = {
			isa = XCBuildConfiguration;
			buildSettings = {
				ASSETCATALOG_COMPILER_APPICON_NAME = AppIcon;
				INFOPLIST_FILE = block/Info.plist;
				LD_RUNPATH_SEARCH_PATHS = "$(inherited) @executable_path/Frameworks";
				PRODUCT_NAME = "$(TARGET_NAME)";
			};
			name = Debug;
		};
		047BD4171A7CB9DB0002AD09 /* Release */ = {
			isa = XCBuildConfiguration;
			buildSettings = {
				ASSETCATALOG_COMPILER_APPICON_NAME = AppIcon;
				INFOPLIST_FILE = block/Info.plist;
				LD_RUNPATH_SEARCH_PATHS = "$(inherited) @executable_path/Frameworks";
				PRODUCT_NAME = "$(TARGET_NAME)";
			};
			name = Release;
		};
		047BD4191A7CB9DB0002AD09 /* Debug */ = {
			isa = XCBuildConfiguration;
			buildSettings = {
				BUNDLE_LOADER = "$(TEST_HOST)";
				FRAMEWORK_SEARCH_PATHS = (
					"$(SDKROOT)/Developer/Library/Frameworks",
					"$(inherited)",
				);
				GCC_PREPROCESSOR_DEFINITIONS = (
					"DEBUG=1",
					"$(inherited)",
				);
				INFOPLIST_FILE = blockTests/Info.plist;
				LD_RUNPATH_SEARCH_PATHS = "$(inherited) @executable_path/Frameworks @loader_path/Frameworks";
				PRODUCT_NAME = "$(TARGET_NAME)";
				TEST_HOST = "$(BUILT_PRODUCTS_DIR)/block.app/block";
			};
			name = Debug;
		};
		047BD41A1A7CB9DB0002AD09 /* Release */ = {
			isa = XCBuildConfiguration;
			buildSettings = {
				BUNDLE_LOADER = "$(TEST_HOST)";
				FRAMEWORK_SEARCH_PATHS = (
					"$(SDKROOT)/Developer/Library/Frameworks",
					"$(inherited)",
				);
				INFOPLIST_FILE = blockTests/Info.plist;
				LD_RUNPATH_SEARCH_PATHS = "$(inherited) @executable_path/Frameworks @loader_path/Frameworks";
				PRODUCT_NAME = "$(TARGET_NAME)";
				TEST_HOST = "$(BUILT_PRODUCTS_DIR)/block.app/block";
			};
			name = Release;
		};
/* End XCBuildConfiguration section */

/* Begin XCConfigurationList section */
		047BD3ED1A7CB9DA0002AD09 /* Build configuration list for PBXProject "block" */ = {
			isa = XCConfigurationList;
			buildConfigurations = (
				047BD4131A7CB9DB0002AD09 /* Debug */,
				047BD4141A7CB9DB0002AD09 /* Release */,
			);
			defaultConfigurationIsVisible = 0;
			defaultConfigurationName = Release;
		};
		047BD4151A7CB9DB0002AD09 /* Build configuration list for PBXNativeTarget "block" */ = {
			isa = XCConfigurationList;
			buildConfigurations = (
				047BD4161A7CB9DB0002AD09 /* Debug */,
				047BD4171A7CB9DB0002AD09 /* Release */,
			);
			defaultConfigurationIsVisible = 0;
		};
		047BD4181A7CB9DB0002AD09 /* Build configuration list for PBXNativeTarget "blockTests" */ = {
			isa = XCConfigurationList;
			buildConfigurations = (
				047BD4191A7CB9DB0002AD09 /* Debug */,
				047BD41A1A7CB9DB0002AD09 /* Release */,
			);
			defaultConfigurationIsVisible = 0;
		};
/* End XCConfigurationList section */
	};
	rootObject = 047BD3EA1A7CB9DA0002AD09 /* Project object */;
}
